{
  "name": "kaiju",
  "lockfileVersion": 2,
  "requires": true,
  "packages": {
    "": {
      "dependencies": {
        "cmake": "^0.0.4"
      }
    },
    "node_modules/cmake": {
      "version": "0.0.4",
      "resolved": "https://registry.npmjs.org/cmake/-/cmake-0.0.4.tgz",
      "integrity": "sha512-yxqewiJ257TANjm1Ad8ZMX6Xaihgu4dkRgwWNjoO56hswwy+bdb5bXraYAj2xRHs14HBS885ndyxajwyZEE7Dg==",
      "hasInstallScript": true
    }
  },
  "dependencies": {
    "cmake": {
      "version": "0.0.4",
      "resolved": "https://registry.npmjs.org/cmake/-/cmake-0.0.4.tgz",
      "integrity": "sha512-yxqewiJ257TANjm1Ad8ZMX6Xaihgu4dkRgwWNjoO56hswwy+bdb5bXraYAj2xRHs14HBS885ndyxajwyZEE7Dg=="
    }
  }
}
